
Microsoft Visual Studio Solution File, Format Version 12.00
# Visual Studio Version 17
VisualStudioVersion = 17.2.32616.157
MinimumVisualStudioVersion = 10.0.40219.1
Project("{FAE04EC0-301F-11D3-BF4B-00C04F79EFBC}") = "Lesson_2_3", "Lesson_2_3.csproj", "{6832F583-9AF0-4B42-B7CD-1E332ABC6055}"
EndProject
Global
	GlobalSection(SolutionConfigurationPlatforms) = preSolution
		Debug|Any CPU = Debug|Any CPU
		Release|Any CPU = Release|Any CPU
	EndGlobalSection
	GlobalSection(ProjectConfigurationPlatforms) = postSolution
		{6832F583-9AF0-4B42-B7CD-1E332ABC6055}.Debug|Any CPU.ActiveCfg = Debug|Any CPU
		{6832F583-9AF0-4B42-B7CD-1E332ABC6055}.Debug|Any CPU.Build.0 = Debug|Any CPU
		{6832F583-9AF0-4B42-B7CD-1E332ABC6055}.Release|Any CPU.ActiveCfg = Release|Any CPU
		{6832F583-9AF0-4B42-B7CD-1E332ABC6055}.Release|Any CPU.Build.0 = Release|Any CPU
	EndGlobalSection
	GlobalSection(SolutionProperties) = preSolution
		HideSolutionNode = FALSE
	EndGlobalSection
	GlobalSection(ExtensibilityGlobals) = postSolution
		SolutionGuid = {B87E2DDD-9E5C-4A37-B639-4C6681975628}
	EndGlobalSection
EndGlobal
